
Microsoft Visual Studio Solution File, Format Version 12.00
# Visual Studio Version 16
VisualStudioVersion = 25.0.1706.0
MinimumVisualStudioVersion = 10.0.40219.1
Project("{FAE04EC0-301F-11D3-BF4B-00C04F79EFBC}") = "UserService.Api", "UserService.Api\UserService.Api.csproj", "{99D78D5A-D32A-475A-9B5C-88451FB99580}"
EndProject
Project("{FAE04EC0-301F-11D3-BF4B-00C04F79EFBC}") = "UserService.Domain", "UserService.Domain\UserService.Domain.csproj", "{77A0A09E-69B7-4CB8-93D3-9E98E9DAAECA}"
EndProject
Project("{FAE04EC0-301F-11D3-BF4B-00C04F79EFBC}") = "UserService.Application", "UserService.Application\UserService.Application.csproj", "{0A32258F-FCB3-4D19-AA0F-8EDBE6ADE733}"
EndProject
Project("{FAE04EC0-301F-11D3-BF4B-00C04F79EFBC}") = "UserService.Infrastructure", "UserService.Infrastructure\UserService.Infrastructure.csproj", "{68F08CFA-20C6-4BBB-BAC6-9544CE153210}"
EndProject
Project("{FAE04EC0-301F-11D3-BF4B-00C04F79EFBC}") = "UserService.Messages", "UserService.Messages\UserService.Messages.csproj", "{8B7EA056-03D4-41C5-A042-2C797DCC848B}"
EndProject
Project("{FAE04EC0-301F-11D3-BF4B-00C04F79EFBC}") = "UserService.UnitTests", "UserService.UnitTests\UserService.UnitTests.csproj", "{524D8C83-B9E9-4666-9C72-6B754F2129A1}"
EndProject
Project("{FAE04EC0-301F-11D3-BF4B-00C04F79EFBC}") = "UserService.IntegrationTests", "UserService.IntegrationTests\UserService.IntegrationTests.csproj", "{915683E6-3784-4DBA-9F45-3614365ADE4A}"
EndProject
Project("{FAE04EC0-301F-11D3-BF4B-00C04F79EFBC}") = "UserService.Data", "UserService.Data\UserService.Data.csproj", "{BEDE0214-5A70-44D0-87BA-AD0D04F155E5}"
EndProject
Project("{2150E333-8FDC-42A3-9474-1A3956D46DE8}") = "Solution Items", "Solution Items", "{B9E15F49-62C7-467F-9A7D-8077CC4641E4}"
	ProjectSection(SolutionItems) = preProject
		EmptyTextFile.txt = EmptyTextFile.txt
	EndProjectSection
EndProject
Global
	GlobalSection(SolutionConfigurationPlatforms) = preSolution
		Debug|Any CPU = Debug|Any CPU
		Release|Any CPU = Release|Any CPU
	EndGlobalSection
	GlobalSection(ProjectConfigurationPlatforms) = postSolution
		{99D78D5A-D32A-475A-9B5C-88451FB99580}.Debug|Any CPU.ActiveCfg = Debug|Any CPU
		{99D78D5A-D32A-475A-9B5C-88451FB99580}.Debug|Any CPU.Build.0 = Debug|Any CPU
		{99D78D5A-D32A-475A-9B5C-88451FB99580}.Release|Any CPU.ActiveCfg = Release|Any CPU
		{99D78D5A-D32A-475A-9B5C-88451FB99580}.Release|Any CPU.Build.0 = Release|Any CPU
		{77A0A09E-69B7-4CB8-93D3-9E98E9DAAECA}.Debug|Any CPU.ActiveCfg = Debug|Any CPU
		{77A0A09E-69B7-4CB8-93D3-9E98E9DAAECA}.Debug|Any CPU.Build.0 = Debug|Any CPU
		{77A0A09E-69B7-4CB8-93D3-9E98E9DAAECA}.Release|Any CPU.ActiveCfg = Release|Any CPU
		{77A0A09E-69B7-4CB8-93D3-9E98E9DAAECA}.Release|Any CPU.Build.0 = Release|Any CPU
		{0A32258F-FCB3-4D19-AA0F-8EDBE6ADE733}.Debug|Any CPU.ActiveCfg = Debug|Any CPU
		{0A32258F-FCB3-4D19-AA0F-8EDBE6ADE733}.Debug|Any CPU.Build.0 = Debug|Any CPU
		{0A32258F-FCB3-4D19-AA0F-8EDBE6ADE733}.Release|Any CPU.ActiveCfg = Release|Any CPU
		{0A32258F-FCB3-4D19-AA0F-8EDBE6ADE733}.Release|Any CPU.Build.0 = Release|Any CPU
		{68F08CFA-20C6-4BBB-BAC6-9544CE153210}.Debug|Any CPU.ActiveCfg = Debug|Any CPU
		{68F08CFA-20C6-4BBB-BAC6-9544CE153210}.Debug|Any CPU.Build.0 = Debug|Any CPU
		{68F08CFA-20C6-4BBB-BAC6-9544CE153210}.Release|Any CPU.ActiveCfg = Release|Any CPU
		{68F08CFA-20C6-4BBB-BAC6-9544CE153210}.Release|Any CPU.Build.0 = Release|Any CPU
		{8B7EA056-03D4-41C5-A042-2C797DCC848B}.Debug|Any CPU.ActiveCfg = Debug|Any CPU
		{8B7EA056-03D4-41C5-A042-2C797DCC848B}.Debug|Any CPU.Build.0 = Debug|Any CPU
		{8B7EA056-03D4-41C5-A042-2C797DCC848B}.Release|Any CPU.ActiveCfg = Release|Any CPU
		{8B7EA056-03D4-41C5-A042-2C797DCC848B}.Release|Any CPU.Build.0 = Release|Any CPU
		{524D8C83-B9E9-4666-9C72-6B754F2129A1}.Debug|Any CPU.ActiveCfg = Debug|Any CPU
		{524D8C83-B9E9-4666-9C72-6B754F2129A1}.Debug|Any CPU.Build.0 = Debug|Any CPU
		{524D8C83-B9E9-4666-9C72-6B754F2129A1}.Release|Any CPU.ActiveCfg = Release|Any CPU
		{524D8C83-B9E9-4666-9C72-6B754F2129A1}.Release|Any CPU.Build.0 = Release|Any CPU
		{915683E6-3784-4DBA-9F45-3614365ADE4A}.Debug|Any CPU.ActiveCfg = Debug|Any CPU
		{915683E6-3784-4DBA-9F45-3614365ADE4A}.Debug|Any CPU.Build.0 = Debug|Any CPU
		{915683E6-3784-4DBA-9F45-3614365ADE4A}.Release|Any CPU.ActiveCfg = Release|Any CPU
		{915683E6-3784-4DBA-9F45-3614365ADE4A}.Release|Any CPU.Build.0 = Release|Any CPU
		{BEDE0214-5A70-44D0-87BA-AD0D04F155E5}.Debug|Any CPU.ActiveCfg = Debug|Any CPU
		{BEDE0214-5A70-44D0-87BA-AD0D04F155E5}.Debug|Any CPU.Build.0 = Debug|Any CPU
		{BEDE0214-5A70-44D0-87BA-AD0D04F155E5}.Release|Any CPU.ActiveCfg = Release|Any CPU
		{BEDE0214-5A70-44D0-87BA-AD0D04F155E5}.Release|Any CPU.Build.0 = Release|Any CPU
	EndGlobalSection
	GlobalSection(SolutionProperties) = preSolution
		HideSolutionNode = FALSE
	EndGlobalSection
	GlobalSection(ExtensibilityGlobals) = postSolution
		SolutionGuid = {A898C9D0-70F2-4400-AB01-32A8407BE4E2}
	EndGlobalSection
EndGlobal
